
Microsoft Visual Studio Solution File, Format Version 12.00
# Visual Studio 15
Project("{FAE04EC0-301F-11D3-BF4B-00C04F79EFBC}") = "Assembly-CSharp", "Assembly-CSharp.csproj", "{5CF0C585-AE6F-6F07-0897-C36CA49B6091}"
EndProject
Project("{FAE04EC0-301F-11D3-BF4B-00C04F79EFBC}") = "Assembly-CSharp-Editor", "Assembly-CSharp-Editor.csproj", "{D18A9B9C-F965-1457-4D8E-465844A44942}"
EndProject
Global
	GlobalSection(SolutionConfigurationPlatforms) = preSolution
		Debug|Any CPU = Debug|Any CPU
		Release|Any CPU = Release|Any CPU
	EndGlobalSection
	GlobalSection(ProjectConfigurationPlatforms) = postSolution
		{5CF0C585-AE6F-6F07-0897-C36CA49B6091}.Debug|Any CPU.ActiveCfg = Debug|Any CPU
		{5CF0C585-AE6F-6F07-0897-C36CA49B6091}.Debug|Any CPU.Build.0 = Debug|Any CPU
		{5CF0C585-AE6F-6F07-0897-C36CA49B6091}.Release|Any CPU.ActiveCfg = Release|Any CPU
		{5CF0C585-AE6F-6F07-0897-C36CA49B6091}.Release|Any CPU.Build.0 = Release|Any CPU
		{D18A9B9C-F965-1457-4D8E-465844A44942}.Debug|Any CPU.ActiveCfg = Debug|Any CPU
		{D18A9B9C-F965-1457-4D8E-465844A44942}.Debug|Any CPU.Build.0 = Debug|Any CPU
		{D18A9B9C-F965-1457-4D8E-465844A44942}.Release|Any CPU.ActiveCfg = Release|Any CPU
		{D18A9B9C-F965-1457-4D8E-465844A44942}.Release|Any CPU.Build.0 = Release|Any CPU
	EndGlobalSection
	GlobalSection(SolutionProperties) = preSolution
		HideSolutionNode = FALSE
	EndGlobalSection
EndGlobal
